// !$*UTF8*$!
{
	archiveVersion = 1;
	classes = {
	};
	objectVersion = 55;
	objects = {

/* Begin PBXBuildFile section */
		F1E38DC527B34EFC00D121D2 /* AppDelegate.swift in Sources */ = {isa = PBXBuildFile; fileRef = F1E38DC427B34EFC00D121D2 /* AppDelegate.swift */; };
		F1E38DC727B34EFC00D121D2 /* SceneDelegate.swift in Sources */ = {isa = PBXBuildFile; fileRef = F1E38DC627B34EFC00D121D2 /* SceneDelegate.swift */; };
		F1E38DC927B34EFC00D121D2 /* ViewController.swift in Sources */ = {isa = PBXBuildFile; fileRef = F1E38DC827B34EFC00D121D2 /* ViewController.swift */; };
		F1E38DCC27B34EFC00D121D2 /* Main.storyboard in Resources */ = {isa = PBXBuildFile; fileRef = F1E38DCA27B34EFC00D121D2 /* Main.storyboard */; };
		F1E38DCE27B34EFD00D121D2 /* Assets.xcassets in Resources */ = {isa = PBXBuildFile; fileRef = F1E38DCD27B34EFD00D121D2 /* Assets.xcassets */; };
		F1E38DD127B34EFD00D121D2 /* LaunchScreen.storyboard in Resources */ = {isa = PBXBuildFile; fileRef = F1E38DCF27B34EFD00D121D2 /* LaunchScreen.storyboard */; };
		F1E38DDC27B34EFE00D121D2 /* ScrollViewIndicatorViewTests.swift in Sources */ = {isa = PBXBuildFile; fileRef = F1E38DDB27B34EFE00D121D2 /* ScrollViewIndicatorViewTests.swift */; };
		F1E38DE627B34EFE00D121D2 /* ScrollViewIndicatorViewUITests.swift in Sources */ = {isa = PBXBuildFile; fileRef = F1E38DE527B34EFE00D121D2 /* ScrollViewIndicatorViewUITests.swift */; };
		F1E38DE827B34EFE00D121D2 /* ScrollViewIndicatorViewUITestsLaunchTests.swift in Sources */ = {isa = PBXBuildFile; fileRef = F1E38DE727B34EFE00D121D2 /* ScrollViewIndicatorViewUITestsLaunchTests.swift */; };
		F1E38DF527B34F2B00D121D2 /* IndicatorView.swift in Sources */ = {isa = PBXBuildFile; fileRef = F1E38DF427B34F2B00D121D2 /* IndicatorView.swift */; };
/* End PBXBuildFile section */

/* Begin PBXContainerItemProxy section */
		F1E38DD827B34EFE00D121D2 /* PBXContainerItemProxy */ = {
			isa = PBXContainerItemProxy;
			containerPortal = F1E38DB927B34EFC00D121D2 /* Project object */;
			proxyType = 1;
			remoteGlobalIDString = F1E38DC027B34EFC00D121D2;
			remoteInfo = ScrollViewIndicatorView;
		};
		F1E38DE227B34EFE00D121D2 /* PBXContainerItemProxy */ = {
			isa = PBXContainerItemProxy;
			containerPortal = F1E38DB927B34EFC00D121D2 /* Project object */;
			proxyType = 1;
			remoteGlobalIDString = F1E38DC027B34EFC00D121D2;
			remoteInfo = ScrollViewIndicatorView;
		};
/* End PBXContainerItemProxy section */

/* Begin PBXFileReference section */
		F1E38DC127B34EFC00D121D2 /* ScrollViewIndicatorView.app */ = {isa = PBXFileReference; explicitFileType = wrapper.application; includeInIndex = 0; path = ScrollViewIndicatorView.app; sourceTree = BUILT_PRODUCTS_DIR; };
		F1E38DC427B34EFC00D121D2 /* AppDelegate.swift */ = {isa = PBXFileReference; lastKnownFileType = sourcecode.swift; path = AppDelegate.swift; sourceTree = "<group>"; };
		F1E38DC627B34EFC00D121D2 /* SceneDelegate.swift */ = {isa = PBXFileReference; lastKnownFileType = sourcecode.swift; path = SceneDelegate.swift; sourceTree = "<group>"; };
		F1E38DC827B34EFC00D121D2 /* ViewController.swift */ = {isa = PBXFileReference; lastKnownFileType = sourcecode.swift; path = ViewController.swift; sourceTree = "<group>"; };
		F1E38DCB27B34EFC00D121D2 /* Base */ = {isa = PBXFileReference; lastKnownFileType = file.storyboard; name = Base; path = Base.lproj/Main.storyboard; sourceTree = "<group>"; };
		F1E38DCD27B34EFD00D121D2 /* Assets.xcassets */ = {isa = PBXFileReference; lastKnownFileType = folder.assetcatalog; path = Assets.xcassets; sourceTree = "<group>"; };
		F1E38DD027B34EFD00D121D2 /* Base */ = {isa = PBXFileReference; lastKnownFileType = file.storyboard; name = Base; path = Base.lproj/LaunchScreen.storyboard; sourceTree = "<group>"; };
		F1E38DD227B34EFD00D121D2 /* Info.plist */ = {isa = PBXFileReference; lastKnownFileType = text.plist.xml; path = Info.plist; sourceTree = "<group>"; };
		F1E38DD727B34EFE00D121D2 /* ScrollViewIndicatorViewTests.xctest */ = {isa = PBXFileReference; explicitFileType = wrapper.cfbundle; includeInIndex = 0; path = ScrollViewIndicatorViewTests.xctest; sourceTree = BUILT_PRODUCTS_DIR; };
		F1E38DDB27B34EFE00D121D2 /* ScrollViewIndicatorViewTests.swift */ = {isa = PBXFileReference; lastKnownFileType = sourcecode.swift; path = ScrollViewIndicatorViewTests.swift; sourceTree = "<group>"; };
		F1E38DE127B34EFE00D121D2 /* ScrollViewIndicatorViewUITests.xctest */ = {isa = PBXFileReference; explicitFileType = wrapper.cfbundle; includeInIndex = 0; path = ScrollViewIndicatorViewUITests.xctest; sourceTree = BUILT_PRODUCTS_DIR; };
		F1E38DE527B34EFE00D121D2 /* ScrollViewIndicatorViewUITests.swift */ = {isa = PBXFileReference; lastKnownFileType = sourcecode.swift; path = ScrollViewIndicatorViewUITests.swift; sourceTree = "<group>"; };
		F1E38DE727B34EFE00D121D2 /* ScrollViewIndicatorViewUITestsLaunchTests.swift */ = {isa = PBXFileReference; lastKnownFileType = sourcecode.swift; path = ScrollViewIndicatorViewUITestsLaunchTests.swift; sourceTree = "<group>"; };
		F1E38DF427B34F2B00D121D2 /* IndicatorView.swift */ = {isa = PBXFileReference; lastKnownFileType = sourcecode.swift; path = IndicatorView.swift; sourceTree = "<group>"; };
/* End PBXFileReference section */

/* Begin PBXFrameworksBuildPhase section */
		F1E38DBE27B34EFC00D121D2 /* Frameworks */ = {
			isa = PBXFrameworksBuildPhase;
			buildActionMask = 2147483647;
			files = (
			);
			runOnlyForDeploymentPostprocessing = 0;
		};
		F1E38DD427B34EFE00D121D2 /* Frameworks */ = {
			isa = PBXFrameworksBuildPhase;
			buildActionMask = 2147483647;
			files = (
			);
			runOnlyForDeploymentPostprocessing = 0;
		};
		F1E38DDE27B34EFE00D121D2 /* Frameworks */ = {
			isa = PBXFrameworksBuildPhase;
			buildActionMask = 2147483647;
			files = (
			);
			runOnlyForDeploymentPostprocessing = 0;
		};
/* End PBXFrameworksBuildPhase section */

/* Begin PBXGroup section */
		F1E38DB827B34EFC00D121D2 = {
			isa = PBXGroup;
			children = (
				F1E38DC327B34EFC00D121D2 /* ScrollViewIndicatorView */,
				F1E38DDA27B34EFE00D121D2 /* ScrollViewIndicatorViewTests */,
				F1E38DE427B34EFE00D121D2 /* ScrollViewIndicatorViewUITests */,
				F1E38DC227B34EFC00D121D2 /* Products */,
			);
			sourceTree = "<group>";
		};
		F1E38DC227B34EFC00D121D2 /* Products */ = {
			isa = PBXGroup;
			children = (
				F1E38DC127B34EFC00D121D2 /* ScrollViewIndicatorView.app */,
				F1E38DD727B34EFE00D121D2 /* ScrollViewIndicatorViewTests.xctest */,
				F1E38DE127B34EFE00D121D2 /* ScrollViewIndicatorViewUITests.xctest */,
			);
			name = Products;
			sourceTree = "<group>";
		};
		F1E38DC327B34EFC00D121D2 /* ScrollViewIndicatorView */ = {
			isa = PBXGroup;
			children = (
				F1E38DC427B34EFC00D121D2 /* AppDelegate.swift */,
				F1E38DC627B34EFC00D121D2 /* SceneDelegate.swift */,
				F1E38DC827B34EFC00D121D2 /* ViewController.swift */,
				F1E38DF427B34F2B00D121D2 /* IndicatorView.swift */,
				F1E38DCA27B34EFC00D121D2 /* Main.storyboard */,
				F1E38DCD27B34EFD00D121D2 /* Assets.xcassets */,
				F1E38DCF27B34EFD00D121D2 /* LaunchScreen.storyboard */,
				F1E38DD227B34EFD00D121D2 /* Info.plist */,
			);
			path = ScrollViewIndicatorView;
			sourceTree = "<group>";
		};
		F1E38DDA27B34EFE00D121D2 /* ScrollViewIndicatorViewTests */ = {
			isa = PBXGroup;
			children = (
				F1E38DDB27B34EFE00D121D2 /* ScrollViewIndicatorViewTests.swift */,
			);
			path = ScrollViewIndicatorViewTests;
			sourceTree = "<group>";
		};
		F1E38DE427B34EFE00D121D2 /* ScrollViewIndicatorViewUITests */ = {
			isa = PBXGroup;
			children = (
				F1E38DE527B34EFE00D121D2 /* ScrollViewIndicatorViewUITests.swift */,
				F1E38DE727B34EFE00D121D2 /* ScrollViewIndicatorViewUITestsLaunchTests.swift */,
			);
			path = ScrollViewIndicatorViewUITests;
			sourceTree = "<group>";
		};
/* End PBXGroup section */

/* Begin PBXNativeTarget section */
		F1E38DC027B34EFC00D121D2 /* ScrollViewIndicatorView */ = {
			isa = PBXNativeTarget;
			buildConfigurationList = F1E38DEB27B34EFE00D121D2 /* Build configuration list for PBXNativeTarget "ScrollViewIndicatorView" */;
			buildPhases = (
				F1E38DBD27B34EFC00D121D2 /* Sources */,
				F1E38DBE27B34EFC00D121D2 /* Frameworks */,
				F1E38DBF27B34EFC00D121D2 /* Resources */,
			);
			buildRules = (
			);
			dependencies = (
			);
			name = ScrollViewIndicatorView;
			productName = ScrollViewIndicatorView;
			productReference = F1E38DC127B34EFC00D121D2 /* ScrollViewIndicatorView.app */;
			productType = "com.apple.product-type.application";
		};
		F1E38DD627B34EFE00D121D2 /* ScrollViewIndicatorViewTests */ = {
			isa = PBXNativeTarget;
			buildConfigurationList = F1E38DEE27B34EFE00D121D2 /* Build configuration list for PBXNativeTarget "ScrollViewIndicatorViewTests" */;
			buildPhases = (
				F1E38DD327B34EFE00D121D2 /* Sources */,
				F1E38DD427B34EFE00D121D2 /* Frameworks */,
				F1E38DD527B34EFE00D121D2 /* Resources */,
			);
			buildRules = (
			);
			dependencies = (
				F1E38DD927B34EFE00D121D2 /* PBXTargetDependency */,
			);
			name = ScrollViewIndicatorViewTests;
			productName = ScrollViewIndicatorViewTests;
			productReference = F1E38DD727B34EFE00D121D2 /* ScrollViewIndicatorViewTests.xctest */;
			productType = "com.apple.product-type.bundle.unit-test";
		};
		F1E38DE027B34EFE00D121D2 /* ScrollViewIndicatorViewUITests */ = {
			isa = PBXNativeTarget;
			buildConfigurationList = F1E38DF127B34EFE00D121D2 /* Build configuration list for PBXNativeTarget "ScrollViewIndicatorViewUITests" */;
			buildPhases = (
				F1E38DDD27B34EFE00D121D2 /* Sources */,
				F1E38DDE27B34EFE00D121D2 /* Frameworks */,
				F1E38DDF27B34EFE00D121D2 /* Resources */,
			);
			buildRules = (
			);
			dependencies = (
				F1E38DE327B34EFE00D121D2 /* PBXTargetDependency */,
			);
			name = ScrollViewIndicatorViewUITests;
			productName = ScrollViewIndicatorViewUITests;
			productReference = F1E38DE127B34EFE00D121D2 /* ScrollViewIndicatorViewUITests.xctest */;
			productType = "com.apple.product-type.bundle.ui-testing";
		};
/* End PBXNativeTarget section */

/* Begin PBXProject section */
		F1E38DB927B34EFC00D121D2 /* Project object */ = {
			isa = PBXProject;
			attributes = {
				BuildIndependentTargetsInParallel = 1;
				LastSwiftUpdateCheck = 1320;
				LastUpgradeCheck = 1320;
				TargetAttributes = {
					F1E38DC027B34EFC00D121D2 = {
						CreatedOnToolsVersion = 13.2.1;
					};
					F1E38DD627B34EFE00D121D2 = {
						CreatedOnToolsVersion = 13.2.1;
						TestTargetID = F1E38DC027B34EFC00D121D2;
					};
					F1E38DE027B34EFE00D121D2 = {
						CreatedOnToolsVersion = 13.2.1;
						TestTargetID = F1E38DC027B34EFC00D121D2;
					};
				};
			};
			buildConfigurationList = F1E38DBC27B34EFC00D121D2 /* Build configuration list for PBXProject "ScrollViewIndicatorView" */;
			compatibilityVersion = "Xcode 13.0";
			developmentRegion = en;
			hasScannedForEncodings = 0;
			knownRegions = (
				en,
				Base,
			);
			mainGroup = F1E38DB827B34EFC00D121D2;
			productRefGroup = F1E38DC227B34EFC00D121D2 /* Products */;
			projectDirPath = "";
			projectRoot = "";
			targets = (
				F1E38DC027B34EFC00D121D2 /* ScrollViewIndicatorView */,
				F1E38DD627B34EFE00D121D2 /* ScrollViewIndicatorViewTests */,
				F1E38DE027B34EFE00D121D2 /* ScrollViewIndicatorViewUITests */,
			);
		};
/* End PBXProject section */

/* Begin PBXResourcesBuildPhase section */
		F1E38DBF27B34EFC00D121D2 /* Resources */ = {
			isa = PBXResourcesBuildPhase;
			buildActionMask = 2147483647;
			files = (
				F1E38DD127B34EFD00D121D2 /* LaunchScreen.storyboard in Resources */,
				F1E38DCE27B34EFD00D121D2 /* Assets.xcassets in Resources */,
				F1E38DCC27B34EFC00D121D2 /* Main.storyboard in Resources */,
			);
			runOnlyForDeploymentPostprocessing = 0;
		};
		F1E38DD527B34EFE00D121D2 /* Resources */ = {
			isa = PBXResourcesBuildPhase;
			buildActionMask = 2147483647;
			files = (
			);
			runOnlyForDeploymentPostprocessing = 0;
		};
		F1E38DDF27B34EFE00D121D2 /* Resources */ = {
			isa = PBXResourcesBuildPhase;
			buildActionMask = 2147483647;
			files = (
			);
			runOnlyForDeploymentPostprocessing = 0;
		};
/* End PBXResourcesBuildPhase section */

/* Begin PBXSourcesBuildPhase section */
		F1E38DBD27B34EFC00D121D2 /* Sources */ = {
			isa = PBXSourcesBuildPhase;
			buildActionMask = 2147483647;
			files = (
				F1E38DC927B34EFC00D121D2 /* ViewController.swift in Sources */,
				F1E38DC527B34EFC00D121D2 /* AppDelegate.swift in Sources */,
				F1E38DF527B34F2B00D121D2 /* IndicatorView.swift in Sources */,
				F1E38DC727B34EFC00D121D2 /* SceneDelegate.swift in Sources */,
			);
			runOnlyForDeploymentPostprocessing = 0;
		};
		F1E38DD327B34EFE00D121D2 /* Sources */ = {
			isa = PBXSourcesBuildPhase;
			buildActionMask = 2147483647;
			files = (
				F1E38DDC27B34EFE00D121D2 /* ScrollViewIndicatorViewTests.swift in Sources */,
			);
			runOnlyForDeploymentPostprocessing = 0;
		};
		F1E38DDD27B34EFE00D121D2 /* Sources */ = {
			isa = PBXSourcesBuildPhase;
			buildActionMask = 2147483647;
			files = (
				F1E38DE627B34EFE00D121D2 /* ScrollViewIndicatorViewUITests.swift in Sources */,
				F1E38DE827B34EFE00D121D2 /* ScrollViewIndicatorViewUITestsLaunchTests.swift in Sources */,
			);
			runOnlyForDeploymentPostprocessing = 0;
		};
/* End PBXSourcesBuildPhase section */

/* Begin PBXTargetDependency section */
		F1E38DD927B34EFE00D121D2 /* PBXTargetDependency */ = {
			isa = PBXTargetDependency;
			target = F1E38DC027B34EFC00D121D2 /* ScrollViewIndicatorView */;
			targetProxy = F1E38DD827B34EFE00D121D2 /* PBXContainerItemProxy */;
		};
		F1E38DE327B34EFE00D121D2 /* PBXTargetDependency */ = {
			isa = PBXTargetDependency;
			target = F1E38DC027B34EFC00D121D2 /* ScrollViewIndicatorView */;
			targetProxy = F1E38DE227B34EFE00D121D2 /* PBXContainerItemProxy */;
		};
/* End PBXTargetDependency section */

/* Begin PBXVariantGroup section */
		F1E38DCA27B34EFC00D121D2 /* Main.storyboard */ = {
			isa = PBXVariantGroup;
			children = (
				F1E38DCB27B34EFC00D121D2 /* Base */,
			);
			name = Main.storyboard;
			sourceTree = "<group>";
		};
		F1E38DCF27B34EFD00D121D2 /* LaunchScreen.storyboard */ = {
			isa = PBXVariantGroup;
			children = (
				F1E38DD027B34EFD00D121D2 /* Base */,
			);
			name = LaunchScreen.storyboard;
			sourceTree = "<group>";
		};
/* End PBXVariantGroup section */

/* Begin XCBuildConfiguration section */
		F1E38DE927B34EFE00D121D2 /* Debug */ = {
			isa = XCBuildConfiguration;
			buildSettings = {
				ALWAYS_SEARCH_USER_PATHS = NO;
				CLANG_ANALYZER_NONNULL = YES;
				CLANG_ANALYZER_NUMBER_OBJECT_CONVERSION = YES_AGGRESSIVE;
				CLANG_CXX_LANGUAGE_STANDARD = "gnu++17";
				CLANG_CXX_LIBRARY = "libc++";
				CLANG_ENABLE_MODULES = YES;
				CLANG_ENABLE_OBJC_ARC = YES;
				CLANG_ENABLE_OBJC_WEAK = YES;
				CLANG_WARN_BLOCK_CAPTURE_AUTORELEASING = YES;
				CLANG_WARN_BOOL_CONVERSION = YES;
				CLANG_WARN_COMMA = YES;
				CLANG_WARN_CONSTANT_CONVERSION = YES;
				CLANG_WARN_DEPRECATED_OBJC_IMPLEMENTATIONS = YES;
				CLANG_WARN_DIRECT_OBJC_ISA_USAGE = YES_ERROR;
				CLANG_WARN_DOCUMENTATION_COMMENTS = YES;
				CLANG_WARN_EMPTY_BODY = YES;
				CLANG_WARN_ENUM_CONVERSION = YES;
				CLANG_WARN_INFINITE_RECURSION = YES;
				CLANG_WARN_INT_CONVERSION = YES;
				CLANG_WARN_NON_LITERAL_NULL_CONVERSION = YES;
				CLANG_WARN_OBJC_IMPLICIT_RETAIN_SELF = YES;
				CLANG_WARN_OBJC_LITERAL_CONVERSION = YES;
				CLANG_WARN_OBJC_ROOT_CLASS = YES_ERROR;
				CLANG_WARN_QUOTED_INCLUDE_IN_FRAMEWORK_HEADER = YES;
				CLANG_WARN_RANGE_LOOP_ANALYSIS = YES;
				CLANG_WARN_STRICT_PROTOTYPES = YES;
				CLANG_WARN_SUSPICIOUS_MOVE = YES;
				CLANG_WARN_UNGUARDED_AVAILABILITY = YES_AGGRESSIVE;
				CLANG_WARN_UNREACHABLE_CODE = YES;
				CLANG_WARN__DUPLICATE_METHOD_MATCH = YES;
				COPY_PHASE_STRIP = NO;
				DEBUG_INFORMATION_FORMAT = dwarf;
				ENABLE_STRICT_OBJC_MSGSEND = YES;
				ENABLE_TESTABILITY = YES;
				GCC_C_LANGUAGE_STANDARD = gnu11;
				GCC_DYNAMIC_NO_PIC = NO;
				GCC_NO_COMMON_BLOCKS = YES;
				GCC_OPTIMIZATION_LEVEL = 0;
				GCC_PREPROCESSOR_DEFINITIONS = (
					"DEBUG=1",
					"$(inherited)",
				);
				GCC_WARN_64_TO_32_BIT_CONVERSION = YES;
				GCC_WARN_ABOUT_RETURN_TYPE = YES_ERROR;
				GCC_WARN_UNDECLARED_SELECTOR = YES;
				GCC_WARN_UNINITIALIZED_AUTOS = YES_AGGRESSIVE;
				GCC_WARN_UNUSED_FUNCTION = YES;
				GCC_WARN_UNUSED_VARIABLE = YES;
				IPHONEOS_DEPLOYMENT_TARGET = 15.2;
				MTL_ENABLE_DEBUG_INFO = INCLUDE_SOURCE;
				MTL_FAST_MATH = YES;
				ONLY_ACTIVE_ARCH = YES;
				SDKROOT = iphoneos;
				SWIFT_ACTIVE_COMPILATION_CONDITIONS = DEBUG;
				SWIFT_OPTIMIZATION_LEVEL = "-Onone";
			};
			name = Debug;
		};
		F1E38DEA27B34EFE00D121D2 /* Release */ = {
			isa = XCBuildConfiguration;
			buildSettings = {
				ALWAYS_SEARCH_USER_PATHS = NO;
				CLANG_ANALYZER_NONNULL = YES;
				CLANG_ANALYZER_NUMBER_OBJECT_CONVERSION = YES_AGGRESSIVE;
				CLANG_CXX_LANGUAGE_STANDARD = "gnu++17";
				CLANG_CXX_LIBRARY = "libc++";
				CLANG_ENABLE_MODULES = YES;
				CLANG_ENABLE_OBJC_ARC = YES;
				CLANG_ENABLE_OBJC_WEAK = YES;
				CLANG_WARN_BLOCK_CAPTURE_AUTORELEASING = YES;
				CLANG_WARN_BOOL_CONVERSION = YES;
				CLANG_WARN_COMMA = YES;
				CLANG_WARN_CONSTANT_CONVERSION = YES;
				CLANG_WARN_DEPRECATED_OBJC_IMPLEMENTATIONS = YES;
				CLANG_WARN_DIRECT_OBJC_ISA_USAGE = YES_ERROR;
				CLANG_WARN_DOCUMENTATION_COMMENTS = YES;
				CLANG_WARN_EMPTY_BODY = YES;
				CLANG_WARN_ENUM_CONVERSION = YES;
				CLANG_WARN_INFINITE_RECURSION = YES;
				CLANG_WARN_INT_CONVERSION = YES;
				CLANG_WARN_NON_LITERAL_NULL_CONVERSION = YES;
				CLANG_WARN_OBJC_IMPLICIT_RETAIN_SELF = YES;
				CLANG_WARN_OBJC_LITERAL_CONVERSION = YES;
				CLANG_WARN_OBJC_ROOT_CLASS = YES_ERROR;
				CLANG_WARN_QUOTED_INCLUDE_IN_FRAMEWORK_HEADER = YES;
				CLANG_WARN_RANGE_LOOP_ANALYSIS = YES;
				CLANG_WARN_STRICT_PROTOTYPES = YES;
				CLANG_WARN_SUSPICIOUS_MOVE = YES;
				CLANG_WARN_UNGUARDED_AVAILABILITY = YES_AGGRESSIVE;
				CLANG_WARN_UNREACHABLE_CODE = YES;
				CLANG_WARN__DUPLICATE_METHOD_MATCH = YES;
				COPY_PHASE_STRIP = NO;
				DEBUG_INFORMATION_FORMAT = "dwarf-with-dsym";
				ENABLE_NS_ASSERTIONS = NO;
				ENABLE_STRICT_OBJC_MSGSEND = YES;
				GCC_C_LANGUAGE_STANDARD = gnu11;
				GCC_NO_COMMON_BLOCKS = YES;
				GCC_WARN_64_TO_32_BIT_CONVERSION = YES;
				GCC_WARN_ABOUT_RETURN_TYPE = YES_ERROR;
				GCC_WARN_UNDECLARED_SELECTOR = YES;
				GCC_WARN_UNINITIALIZED_AUTOS = YES_AGGRESSIVE;
				GCC_WARN_UNUSED_FUNCTION = YES;
				GCC_WARN_UNUSED_VARIABLE = YES;
				IPHONEOS_DEPLOYMENT_TARGET = 15.2;
				MTL_ENABLE_DEBUG_INFO = NO;
				MTL_FAST_MATH = YES;
				SDKROOT = iphoneos;
				SWIFT_COMPILATION_MODE = wholemodule;
				SWIFT_OPTIMIZATION_LEVEL = "-O";
				VALIDATE_PRODUCT = YES;
			};
			name = Release;
		};
		F1E38DEC27B34EFE00D121D2 /* Debug */ = {
			isa = XCBuildConfiguration;
			buildSettings = {
				ASSETCATALOG_COMPILER_APPICON_NAME = AppIcon;
				ASSETCATALOG_COMPILER_GLOBAL_ACCENT_COLOR_NAME = AccentColor;
				CODE_SIGN_STYLE = Automatic;
				CURRENT_PROJECT_VERSION = 1;
				GENERATE_INFOPLIST_FILE = YES;
				INFOPLIST_FILE = ScrollViewIndicatorView/Info.plist;
				INFOPLIST_KEY_UIApplicationSupportsIndirectInputEvents = YES;
				INFOPLIST_KEY_UILaunchStoryboardName = LaunchScreen;
				INFOPLIST_KEY_UIMainStoryboardFile = Main;
				INFOPLIST_KEY_UISupportedInterfaceOrientations_iPad = "UIInterfaceOrientationPortrait UIInterfaceOrientationPortraitUpsideDown UIInterfaceOrientationLandscapeLeft UIInterfaceOrientationLandscapeRight";
				INFOPLIST_KEY_UISupportedInterfaceOrientations_iPhone = "UIInterfaceOrientationPortrait UIInterfaceOrientationLandscapeLeft UIInterfaceOrientationLandscapeRight";
				LD_RUNPATH_SEARCH_PATHS = (
					"$(inherited)",
					"@executable_path/Frameworks",
				);
				MARKETING_VERSION = 1.0;
				PRODUCT_BUNDLE_IDENTIFIER = com.neal.ScrollViewIndicatorView;
				PRODUCT_NAME = "$(TARGET_NAME)";
				SWIFT_EMIT_LOC_STRINGS = YES;
				SWIFT_VERSION = 5.0;
				TARGETED_DEVICE_FAMILY = "1,2";
			};
			name = Debug;
		};
		F1E38DED27B34EFE00D121D2 /* Release */ = {
			isa = XCBuildConfiguration;
			buildSettings = {
				ASSETCATALOG_COMPILER_APPICON_NAME = AppIcon;
				ASSETCATALOG_COMPILER_GLOBAL_ACCENT_COLOR_NAME = AccentColor;
				CODE_SIGN_STYLE = Automatic;
				CURRENT_PROJECT_VERSION = 1;
				GENERATE_INFOPLIST_FILE = YES;
				INFOPLIST_FILE = ScrollViewIndicatorView/Info.plist;
				INFOPLIST_KEY_UIApplicationSupportsIndirectInputEvents = YES;
				INFOPLIST_KEY_UILaunchStoryboardName = LaunchScreen;
				INFOPLIST_KEY_UIMainStoryboardFile = Main;
				INFOPLIST_KEY_UISupportedInterfaceOrientations_iPad = "UIInterfaceOrientationPortrait UIInterfaceOrientationPortraitUpsideDown UIInterfaceOrientationLandscapeLeft UIInterfaceOrientationLandscapeRight";
				INFOPLIST_KEY_UISupportedInterfaceOrientations_iPhone = "UIInterfaceOrientationPortrait UIInterfaceOrientationLandscapeLeft UIInterfaceOrientationLandscapeRight";
				LD_RUNPATH_SEARCH_PATHS = (
					"$(inherited)",
					"@executable_path/Frameworks",
				);
				MARKETING_VERSION = 1.0;
				PRODUCT_BUNDLE_IDENTIFIER = com.neal.ScrollViewIndicatorView;
				PRODUCT_NAME = "$(TARGET_NAME)";
				SWIFT_EMIT_LOC_STRINGS = YES;
				SWIFT_VERSION = 5.0;
				TARGETED_DEVICE_FAMILY = "1,2";
			};
			name = Release;
		};
		F1E38DEF27B34EFE00D121D2 /* Debug */ = {
			isa = XCBuildConfiguration;
			buildSettings = {
				ALWAYS_EMBED_SWIFT_STANDARD_LIBRARIES = YES;
				BUNDLE_LOADER = "$(TEST_HOST)";
				CODE_SIGN_STYLE = Automatic;
				CURRENT_PROJECT_VERSION = 1;
				GENERATE_INFOPLIST_FILE = YES;
				IPHONEOS_DEPLOYMENT_TARGET = 15.2;
				MARKETING_VERSION = 1.0;
				PRODUCT_BUNDLE_IDENTIFIER = com.neal.ScrollViewIndicatorViewTests;
				PRODUCT_NAME = "$(TARGET_NAME)";
				SWIFT_EMIT_LOC_STRINGS = NO;
				SWIFT_VERSION = 5.0;
				TARGETED_DEVICE_FAMILY = "1,2";
				TEST_HOST = "$(BUILT_PRODUCTS_DIR)/ScrollViewIndicatorView.app/ScrollViewIndicatorView";
			};
			name = Debug;
		};
		F1E38DF027B34EFE00D121D2 /* Release */ = {
			isa = XCBuildConfiguration;
			buildSettings = {
				ALWAYS_EMBED_SWIFT_STANDARD_LIBRARIES = YES;
				BUNDLE_LOADER = "$(TEST_HOST)";
				CODE_SIGN_STYLE = Automatic;
				CURRENT_PROJECT_VERSION = 1;
				GENERATE_INFOPLIST_FILE = YES;
				IPHONEOS_DEPLOYMENT_TARGET = 15.2;
				MARKETING_VERSION = 1.0;
				PRODUCT_BUNDLE_IDENTIFIER = com.neal.ScrollViewIndicatorViewTests;
				PRODUCT_NAME = "$(TARGET_NAME)";
				SWIFT_EMIT_LOC_STRINGS = NO;
				SWIFT_VERSION = 5.0;
				TARGETED_DEVICE_FAMILY = "1,2";
				TEST_HOST = "$(BUILT_PRODUCTS_DIR)/ScrollViewIndicatorView.app/ScrollViewIndicatorView";
			};
			name = Release;
		};
		F1E38DF227B34EFE00D121D2 /* Debug */ = {
			isa = XCBuildConfiguration;
			buildSettings = {
				ALWAYS_EMBED_SWIFT_STANDARD_LIBRARIES = YES;
				CODE_SIGN_STYLE = Automatic;
				CURRENT_PROJECT_VERSION = 1;
				GENERATE_INFOPLIST_FILE = YES;
				MARKETING_VERSION = 1.0;
				PRODUCT_BUNDLE_IDENTIFIER = com.neal.ScrollViewIndicatorViewUITests;
				PRODUCT_NAME = "$(TARGET_NAME)";
				SWIFT_EMIT_LOC_STRINGS = NO;
				SWIFT_VERSION = 5.0;
				TARGETED_DEVICE_FAMILY = "1,2";
				TEST_TARGET_NAME = ScrollViewIndicatorView;
			};
			name = Debug;
		};
		F1E38DF327B34EFE00D121D2 /* Release */ = {
			isa = XCBuildConfiguration;
			buildSettings = {
				ALWAYS_EMBED_SWIFT_STANDARD_LIBRARIES = YES;
				CODE_SIGN_STYLE = Automatic;
				CURRENT_PROJECT_VERSION = 1;
				GENERATE_INFOPLIST_FILE = YES;
				MARKETING_VERSION = 1.0;
				PRODUCT_BUNDLE_IDENTIFIER = com.neal.ScrollViewIndicatorViewUITests;
				PRODUCT_NAME = "$(TARGET_NAME)";
				SWIFT_EMIT_LOC_STRINGS = NO;
				SWIFT_VERSION = 5.0;
				TARGETED_DEVICE_FAMILY = "1,2";
				TEST_TARGET_NAME = ScrollViewIndicatorView;
			};
			name = Release;
		};
/* End XCBuildConfiguration section */

/* Begin XCConfigurationList section */
		F1E38DBC27B34EFC00D121D2 /* Build configuration list for PBXProject "ScrollViewIndicatorView" */ = {
			isa = XCConfigurationList;
			buildConfigurations = (
				F1E38DE927B34EFE00D121D2 /* Debug */,
				F1E38DEA27B34EFE00D121D2 /* Release */,
			);
			defaultConfigurationIsVisible = 0;
			defaultConfigurationName = Release;
		};
		F1E38DEB27B34EFE00D121D2 /* Build configuration list for PBXNativeTarget "ScrollViewIndicatorView" */ = {
			isa = XCConfigurationList;
			buildConfigurations = (
				F1E38DEC27B34EFE00D121D2 /* Debug */,
				F1E38DED27B34EFE00D121D2 /* Release */,
			);
			defaultConfigurationIsVisible = 0;
			defaultConfigurationName = Release;
		};
		F1E38DEE27B34EFE00D121D2 /* Build configuration list for PBXNativeTarget "ScrollViewIndicatorViewTests" */ = {
			isa = XCConfigurationList;
			buildConfigurations = (
				F1E38DEF27B34EFE00D121D2 /* Debug */,
				F1E38DF027B34EFE00D121D2 /* Release */,
			);
			defaultConfigurationIsVisible = 0;
			defaultConfigurationName = Release;
		};
		F1E38DF127B34EFE00D121D2 /* Build configuration list for PBXNativeTarget "ScrollViewIndicatorViewUITests" */ = {
			isa = XCConfigurationList;
			buildConfigurations = (
				F1E38DF227B34EFE00D121D2 /* Debug */,
				F1E38DF327B34EFE00D121D2 /* Release */,
			);
			defaultConfigurationIsVisible = 0;
			defaultConfigurationName = Release;
		};
/* End XCConfigurationList section */
	};
	rootObject = F1E38DB927B34EFC00D121D2 /* Project object */;
}
